
Microsoft Visual Studio Solution File, Format Version 12.00
# Visual Studio 14
VisualStudioVersion = 14.0.25420.1
MinimumVisualStudioVersion = 10.0.40219.1
Project("{FAE04EC0-301F-11D3-BF4B-00C04F79EFBC}") = "EDKMO.Domain", "EDKMO.Domain\EDKMO.Domain.csproj", "{344E0C42-1245-4203-B826-1DF5CF6213E6}"
EndProject
Project("{FAE04EC0-301F-11D3-BF4B-00C04F79EFBC}") = "EDKMO.Data.EntityFramework", "EDKMO.Data.EntityFramework\EDKMO.Data.EntityFramework.csproj", "{2689AAAA-B32F-40FD-B0A9-8C78C7421A1D}"
EndProject
Project("{FAE04EC0-301F-11D3-BF4B-00C04F79EFBC}") = "EDKMO.BusinessLogic", "EDKMO.BusinessLogic\EDKMO.BusinessLogic.csproj", "{22BC2752-7ACC-4D9D-9199-2B3CEFB57CEE}"
EndProject
Project("{FAE04EC0-301F-11D3-BF4B-00C04F79EFBC}") = "EDKMO.Core", "EDKMO.Core\EDKMO.Core.csproj", "{C84FA7E5-C01B-4BAF-B090-F3A788830C7E}"
EndProject
Project("{FAE04EC0-301F-11D3-BF4B-00C04F79EFBC}") = "EDKMO.Web", "EDKMO.Web\EDKMO.Web.csproj", "{A53DFF7D-7B94-474E-A46D-C3E4EE13E2E3}"
EndProject
Global
	GlobalSection(SolutionConfigurationPlatforms) = preSolution
		Debug|Any CPU = Debug|Any CPU
		Release|Any CPU = Release|Any CPU
	EndGlobalSection
	GlobalSection(ProjectConfigurationPlatforms) = postSolution
		{344E0C42-1245-4203-B826-1DF5CF6213E6}.Debug|Any CPU.ActiveCfg = Debug|Any CPU
		{344E0C42-1245-4203-B826-1DF5CF6213E6}.Debug|Any CPU.Build.0 = Debug|Any CPU
		{344E0C42-1245-4203-B826-1DF5CF6213E6}.Release|Any CPU.ActiveCfg = Release|Any CPU
		{344E0C42-1245-4203-B826-1DF5CF6213E6}.Release|Any CPU.Build.0 = Release|Any CPU
		{2689AAAA-B32F-40FD-B0A9-8C78C7421A1D}.Debug|Any CPU.ActiveCfg = Debug|Any CPU
		{2689AAAA-B32F-40FD-B0A9-8C78C7421A1D}.Debug|Any CPU.Build.0 = Debug|Any CPU
		{2689AAAA-B32F-40FD-B0A9-8C78C7421A1D}.Release|Any CPU.ActiveCfg = Release|Any CPU
		{2689AAAA-B32F-40FD-B0A9-8C78C7421A1D}.Release|Any CPU.Build.0 = Release|Any CPU
		{22BC2752-7ACC-4D9D-9199-2B3CEFB57CEE}.Debug|Any CPU.ActiveCfg = Debug|Any CPU
		{22BC2752-7ACC-4D9D-9199-2B3CEFB57CEE}.Debug|Any CPU.Build.0 = Debug|Any CPU
		{22BC2752-7ACC-4D9D-9199-2B3CEFB57CEE}.Release|Any CPU.ActiveCfg = Release|Any CPU
		{22BC2752-7ACC-4D9D-9199-2B3CEFB57CEE}.Release|Any CPU.Build.0 = Release|Any CPU
		{C84FA7E5-C01B-4BAF-B090-F3A788830C7E}.Debug|Any CPU.ActiveCfg = Debug|Any CPU
		{C84FA7E5-C01B-4BAF-B090-F3A788830C7E}.Debug|Any CPU.Build.0 = Debug|Any CPU
		{C84FA7E5-C01B-4BAF-B090-F3A788830C7E}.Release|Any CPU.ActiveCfg = Release|Any CPU
		{C84FA7E5-C01B-4BAF-B090-F3A788830C7E}.Release|Any CPU.Build.0 = Release|Any CPU
		{A53DFF7D-7B94-474E-A46D-C3E4EE13E2E3}.Debug|Any CPU.ActiveCfg = Debug|Any CPU
		{A53DFF7D-7B94-474E-A46D-C3E4EE13E2E3}.Debug|Any CPU.Build.0 = Debug|Any CPU
		{A53DFF7D-7B94-474E-A46D-C3E4EE13E2E3}.Release|Any CPU.ActiveCfg = Release|Any CPU
		{A53DFF7D-7B94-474E-A46D-C3E4EE13E2E3}.Release|Any CPU.Build.0 = Release|Any CPU
	EndGlobalSection
	GlobalSection(SolutionProperties) = preSolution
		HideSolutionNode = FALSE
	EndGlobalSection
EndGlobal
